
Microsoft Visual Studio Solution File, Format Version 12.00
# Visual Studio Version 17
VisualStudioVersion = 17.0.31410.414
MinimumVisualStudioVersion = 10.0.40219.1
Project("{FAE04EC0-301F-11D3-BF4B-00C04F79EFBC}") = "VlcMediaPlayerApp", "VlcMediaPlayerApp\VlcMediaPlayerApp.csproj", "{4D5934C0-B536-4855-990B-0E841E37ABEC}"
EndProject
Global
	GlobalSection(SolutionConfigurationPlatforms) = preSolution
		Debug|Any CPU = Debug|Any CPU
		Release|Any CPU = Release|Any CPU
	EndGlobalSection
	GlobalSection(ProjectConfigurationPlatforms) = postSolution
		{4D5934C0-B536-4855-990B-0E841E37ABEC}.Debug|Any CPU.ActiveCfg = Debug|Any CPU
		{4D5934C0-B536-4855-990B-0E841E37ABEC}.Debug|Any CPU.Build.0 = Debug|Any CPU
		{4D5934C0-B536-4855-990B-0E841E37ABEC}.Release|Any CPU.ActiveCfg = Release|Any CPU
		{4D5934C0-B536-4855-990B-0E841E37ABEC}.Release|Any CPU.Build.0 = Release|Any CPU
	EndGlobalSection
	GlobalSection(SolutionProperties) = preSolution
		HideSolutionNode = FALSE
	EndGlobalSection
	GlobalSection(ExtensibilityGlobals) = postSolution
		SolutionGuid = {CE0C24C2-0352-4EC0-AFA7-01FE89D3FCA9}
	EndGlobalSection
EndGlobal
